{
  "nodes": {
    "devenv": {
      "locked": {
        "dir": "src/modules",
        "lastModified": 1789149961,
        "narHash": "sha256-zZB/UVcdL0VWuAPEe/ALY7onj8Q18efSUdL3ZJlUspk=",
        "owner": "cachix",
        "repo": "devenv",
        "rev": "2418e1b43797c44de5166176622c8d8fa0149871",
        "type": "github"
      },
      "original": {
        "dir": "src/modules",
        "owner": "cachix",
        "repo": "devenv",
        "rev": "2418e1b43797c44de5166176622c8d8fa0149871",
        "type": "github"
      }
    },
    "nixpkgs": {
      "locked": {
        "lastModified": 1787001381,
        "narHash": "sha256-Ue1Yo8gfHdD4TMtNewhA4tkSYeFqXThju0nCyJc3ALo=",
        "owner": "NixOS",
        "repo": "nixpkgs",
        "rev": "ec2d622de0773551768cf98f3fc50cbcc003b9c5",
        "type": "github"
      },
      "original": {
        "owner": "NixOS",
        "repo": "nixpkgs",
        "rev": "ec2d622de0773551768cf98f3fc50cbcc003b9c5",
        "type": "github"
      }
    },
    "projectSdk": {
      "flake": false,
      "locked": {
        "lastModified": 1789403619,
        "narHash": "sha256-VU1r6TBnHrerp4ImkiqwOqt1MLXrv4IbVifx5KjOkHU=",
        "owner": "HaukeSchnau",
        "repo": "nix-infra-modules",
        "rev": "8a2f0de96b2aa8c1d35fda089c3ead92085f034c",
        "type": "github"
      },
      "original": {
        "owner": "HaukeSchnau",
        "repo": "nix-infra-modules",
        "rev": "8a2f0de96b2aa8c1d35fda089c3ead92085f034c",
        "type": "github"
      }
    },
    "root": {
      "inputs": {
        "devenv": "devenv",
        "nixpkgs": "nixpkgs",
        "projectSdk": "projectSdk"
      }
    }
  },
  "root": "root",
  "version": 7
}